
Microsoft Visual Studio Solution File, Format Version 12.00
# Visual Studio Version 17
VisualStudioVersion = 17.0.32112.339
MinimumVisualStudioVersion = 10.0.40219.1
Project("{9A19103F-16F7-4668-BE54-9A1E7A4F7556}") = "Session1", "Session1\Session1.csproj", "{417E0D1A-7263-45AA-9A6B-1D22946FB78B}"
EndProject
Project("{9A19103F-16F7-4668-BE54-9A1E7A4F7556}") = "Session2ObjectsClassesArraysStatic", "Session2ObjectsClassesArraysStatic\Session2ObjectsClassesArraysStatic.csproj", "{FD85418F-3E82-4E83-B4F7-0386FD6C24A5}"
EndProject
Project("{9A19103F-16F7-4668-BE54-9A1E7A4F7556}") = "Session3InheritanceAccesModifiersAutoPropStatic", "Session3InheritanceAccesModifiersAutoPropStatic\Session3InheritanceAccesModifiersAutoPropStatic.csproj", "{FB6142D5-08BA-49C7-9263-64A42BAE81BA}"
EndProject
Project("{9A19103F-16F7-4668-BE54-9A1E7A4F7556}") = "Session4AbstractClassesInterfacesStaticMembersAutoProp", "Session4AbstractClassesInterfacesStaticMembersAutoProp\Session4AbstractClassesInterfacesStaticMembersAutoProp.csproj", "{99250A55-7A3B-45B2-8B48-B2C931BFBF58}"
EndProject
Project("{9A19103F-16F7-4668-BE54-9A1E7A4F7556}") = "Session5WinForms", "Session5WinForms\Session5WinForms.csproj", "{14F9DE09-1F78-43D4-8C34-8BF10917D117}"
EndProject
Project("{9A19103F-16F7-4668-BE54-9A1E7A4F7556}") = "Session5RequirementsSolved", "Session5RequirementsSolved\Session5RequirementsSolved.csproj", "{B92488CB-E1F8-455B-A5DE-F8A0419FFB4D}"
EndProject
Project("{9A19103F-16F7-4668-BE54-9A1E7A4F7556}") = "Session6IOWorkingWithFilesImagesWinForms", "Session6IOWorkingWithFilesImagesWinForms\Session6IOWorkingWithFilesImagesWinForms.csproj", "{B1DF236E-FB79-42EE-B38C-20B4127AD3D1}"
EndProject
Project("{9A19103F-16F7-4668-BE54-9A1E7A4F7556}") = "Session6PhotoAlbum", "Session6PhotoAlbum\Session6PhotoAlbum.csproj", "{4AD63BBE-58FF-4A3C-8D42-3D129528167E}"
EndProject
Project("{9A19103F-16F7-4668-BE54-9A1E7A4F7556}") = "Session7CRUDExcel", "Session7CRUDExcel\Session7CRUDExcel.csproj", "{E3B0B772-A0FA-4E61-980E-D9D259273C46}"
EndProject
Project("{9A19103F-16F7-4668-BE54-9A1E7A4F7556}") = "Session8CRUDSQL", "Session8CRUDSQL\Session8CRUDSQL.csproj", "{B78D261B-612D-4573-BB10-F5C6FA289CD4}"
EndProject
Project("{9A19103F-16F7-4668-BE54-9A1E7A4F7556}") = "Session9WebApi", "Session9WebApi\Session9WebApi.csproj", "{D771DDFF-BB28-4CAE-959E-21F31AE90371}"
EndProject
Project("{2150E333-8FDC-42A3-9474-1A3956D46DE8}") = "Session8.Data.DPO", "Session8.Data.DPO", "{A17C5E75-463E-409A-A690-DFF8F569202A}"
EndProject
Project("{FAE04EC0-301F-11D3-BF4B-00C04F79EFBC}") = "Session8", "Session8\Session8.csproj", "{1D89FC21-D3AF-480F-AE49-5737608C2827}"
	ProjectSection(ProjectDependencies) = postProject
		{8C0DEFAD-F076-43F3-B68F-496A1CB50CBD} = {8C0DEFAD-F076-43F3-B68F-496A1CB50CBD}
		{159EDBF2-942D-46D1-89FF-E63C969C9F36} = {159EDBF2-942D-46D1-89FF-E63C969C9F36}
	EndProjectSection
EndProject
Project("{FAE04EC0-301F-11D3-BF4B-00C04F79EFBC}") = "Session8.Data.DPO", "Session8.Data.DPO\Session8.Data.DPO.csproj", "{8C0DEFAD-F076-43F3-B68F-496A1CB50CBD}"
EndProject
Project("{FAE04EC0-301F-11D3-BF4B-00C04F79EFBC}") = "Session8.Data.Persistance", "Session8.Data.Persistance\Session8.Data.Persistance.csproj", "{159EDBF2-942D-46D1-89FF-E63C969C9F36}"
EndProject
Project("{00D1A9C2-B5F0-4AF3-8072-F6C62B433612}") = "Session8DB", "Session8DB\Session8DB.sqlproj", "{FA12B5A6-4D43-47F4-9BDC-B8B21072631C}"
EndProject
Project("{9A19103F-16F7-4668-BE54-9A1E7A4F7556}") = "SessionApiWeb", "SessionApiWeb\SessionApiWeb.csproj", "{9D901A47-7552-46AC-863D-52970B525E32}"
EndProject
Project("{2150E333-8FDC-42A3-9474-1A3956D46DE8}") = "WebSampleProject", "WebSampleProject", "{ABEB9C64-87B7-4E4B-A72A-830060FF1563}"
EndProject
Project("{9A19103F-16F7-4668-BE54-9A1E7A4F7556}") = "Dictionary", "HashMap\Dictionary.csproj", "{EE7FA915-8860-49B5-B3AC-13F0191F4676}"
EndProject
Project("{FAE04EC0-301F-11D3-BF4B-00C04F79EFBC}") = "Arrays", "Arrays\Arrays.csproj", "{EED5CDE6-8387-44DE-BB0C-33D75DF8D292}"
EndProject
Global
	GlobalSection(SolutionConfigurationPlatforms) = preSolution
		Debug|Any CPU = Debug|Any CPU
		Debug|x86 = Debug|x86
		Release|Any CPU = Release|Any CPU
		Release|x86 = Release|x86
	EndGlobalSection
	GlobalSection(ProjectConfigurationPlatforms) = postSolution
		{417E0D1A-7263-45AA-9A6B-1D22946FB78B}.Debug|Any CPU.ActiveCfg = Debug|Any CPU
		{417E0D1A-7263-45AA-9A6B-1D22946FB78B}.Debug|Any CPU.Build.0 = Debug|Any CPU
		{417E0D1A-7263-45AA-9A6B-1D22946FB78B}.Debug|x86.ActiveCfg = Debug|x86
		{417E0D1A-7263-45AA-9A6B-1D22946FB78B}.Debug|x86.Build.0 = Debug|x86
		{417E0D1A-7263-45AA-9A6B-1D22946FB78B}.Release|Any CPU.ActiveCfg = Release|Any CPU
		{417E0D1A-7263-45AA-9A6B-1D22946FB78B}.Release|Any CPU.Build.0 = Release|Any CPU
		{417E0D1A-7263-45AA-9A6B-1D22946FB78B}.Release|x86.ActiveCfg = Release|x86
		{417E0D1A-7263-45AA-9A6B-1D22946FB78B}.Release|x86.Build.0 = Release|x86
		{FD85418F-3E82-4E83-B4F7-0386FD6C24A5}.Debug|Any CPU.ActiveCfg = Debug|Any CPU
		{FD85418F-3E82-4E83-B4F7-0386FD6C24A5}.Debug|Any CPU.Build.0 = Debug|Any CPU
		{FD85418F-3E82-4E83-B4F7-0386FD6C24A5}.Debug|x86.ActiveCfg = Debug|x86
		{FD85418F-3E82-4E83-B4F7-0386FD6C24A5}.Debug|x86.Build.0 = Debug|x86
		{FD85418F-3E82-4E83-B4F7-0386FD6C24A5}.Release|Any CPU.ActiveCfg = Release|Any CPU
		{FD85418F-3E82-4E83-B4F7-0386FD6C24A5}.Release|Any CPU.Build.0 = Release|Any CPU
		{FD85418F-3E82-4E83-B4F7-0386FD6C24A5}.Release|x86.ActiveCfg = Release|x86
		{FD85418F-3E82-4E83-B4F7-0386FD6C24A5}.Release|x86.Build.0 = Release|x86
		{FB6142D5-08BA-49C7-9263-64A42BAE81BA}.Debug|Any CPU.ActiveCfg = Debug|Any CPU
		{FB6142D5-08BA-49C7-9263-64A42BAE81BA}.Debug|Any CPU.Build.0 = Debug|Any CPU
		{FB6142D5-08BA-49C7-9263-64A42BAE81BA}.Debug|x86.ActiveCfg = Debug|x86
		{FB6142D5-08BA-49C7-9263-64A42BAE81BA}.Debug|x86.Build.0 = Debug|x86
		{FB6142D5-08BA-49C7-9263-64A42BAE81BA}.Release|Any CPU.ActiveCfg = Release|Any CPU
		{FB6142D5-08BA-49C7-9263-64A42BAE81BA}.Release|Any CPU.Build.0 = Release|Any CPU
		{FB6142D5-08BA-49C7-9263-64A42BAE81BA}.Release|x86.ActiveCfg = Release|x86
		{FB6142D5-08BA-49C7-9263-64A42BAE81BA}.Release|x86.Build.0 = Release|x86
		{99250A55-7A3B-45B2-8B48-B2C931BFBF58}.Debug|Any CPU.ActiveCfg = Debug|Any CPU
		{99250A55-7A3B-45B2-8B48-B2C931BFBF58}.Debug|Any CPU.Build.0 = Debug|Any CPU
		{99250A55-7A3B-45B2-8B48-B2C931BFBF58}.Debug|x86.ActiveCfg = Debug|x86
		{99250A55-7A3B-45B2-8B48-B2C931BFBF58}.Debug|x86.Build.0 = Debug|x86
		{99250A55-7A3B-45B2-8B48-B2C931BFBF58}.Release|Any CPU.ActiveCfg = Release|Any CPU
		{99250A55-7A3B-45B2-8B48-B2C931BFBF58}.Release|Any CPU.Build.0 = Release|Any CPU
		{99250A55-7A3B-45B2-8B48-B2C931BFBF58}.Release|x86.ActiveCfg = Release|x86
		{99250A55-7A3B-45B2-8B48-B2C931BFBF58}.Release|x86.Build.0 = Release|x86
		{14F9DE09-1F78-43D4-8C34-8BF10917D117}.Debug|Any CPU.ActiveCfg = Debug|Any CPU
		{14F9DE09-1F78-43D4-8C34-8BF10917D117}.Debug|Any CPU.Build.0 = Debug|Any CPU
		{14F9DE09-1F78-43D4-8C34-8BF10917D117}.Debug|x86.ActiveCfg = Debug|x86
		{14F9DE09-1F78-43D4-8C34-8BF10917D117}.Debug|x86.Build.0 = Debug|x86
		{14F9DE09-1F78-43D4-8C34-8BF10917D117}.Release|Any CPU.ActiveCfg = Release|Any CPU
		{14F9DE09-1F78-43D4-8C34-8BF10917D117}.Release|Any CPU.Build.0 = Release|Any CPU
		{14F9DE09-1F78-43D4-8C34-8BF10917D117}.Release|x86.ActiveCfg = Release|x86
		{14F9DE09-1F78-43D4-8C34-8BF10917D117}.Release|x86.Build.0 = Release|x86
		{B92488CB-E1F8-455B-A5DE-F8A0419FFB4D}.Debug|Any CPU.ActiveCfg = Debug|Any CPU
		{B92488CB-E1F8-455B-A5DE-F8A0419FFB4D}.Debug|Any CPU.Build.0 = Debug|Any CPU
		{B92488CB-E1F8-455B-A5DE-F8A0419FFB4D}.Debug|x86.ActiveCfg = Debug|x86
		{B92488CB-E1F8-455B-A5DE-F8A0419FFB4D}.Debug|x86.Build.0 = Debug|x86
		{B92488CB-E1F8-455B-A5DE-F8A0419FFB4D}.Release|Any CPU.ActiveCfg = Release|Any CPU
		{B92488CB-E1F8-455B-A5DE-F8A0419FFB4D}.Release|Any CPU.Build.0 = Release|Any CPU
		{B92488CB-E1F8-455B-A5DE-F8A0419FFB4D}.Release|x86.ActiveCfg = Release|x86
		{B92488CB-E1F8-455B-A5DE-F8A0419FFB4D}.Release|x86.Build.0 = Release|x86
		{B1DF236E-FB79-42EE-B38C-20B4127AD3D1}.Debug|Any CPU.ActiveCfg = Debug|Any CPU
		{B1DF236E-FB79-42EE-B38C-20B4127AD3D1}.Debug|Any CPU.Build.0 = Debug|Any CPU
		{B1DF236E-FB79-42EE-B38C-20B4127AD3D1}.Debug|x86.ActiveCfg = Debug|x86
		{B1DF236E-FB79-42EE-B38C-20B4127AD3D1}.Debug|x86.Build.0 = Debug|x86
		{B1DF236E-FB79-42EE-B38C-20B4127AD3D1}.Release|Any CPU.ActiveCfg = Release|Any CPU
		{B1DF236E-FB79-42EE-B38C-20B4127AD3D1}.Release|Any CPU.Build.0 = Release|Any CPU
		{B1DF236E-FB79-42EE-B38C-20B4127AD3D1}.Release|x86.ActiveCfg = Release|x86
		{B1DF236E-FB79-42EE-B38C-20B4127AD3D1}.Release|x86.Build.0 = Release|x86
		{4AD63BBE-58FF-4A3C-8D42-3D129528167E}.Debug|Any CPU.ActiveCfg = Debug|Any CPU
		{4AD63BBE-58FF-4A3C-8D42-3D129528167E}.Debug|Any CPU.Build.0 = Debug|Any CPU
		{4AD63BBE-58FF-4A3C-8D42-3D129528167E}.Debug|x86.ActiveCfg = Debug|x86
		{4AD63BBE-58FF-4A3C-8D42-3D129528167E}.Debug|x86.Build.0 = Debug|x86
		{4AD63BBE-58FF-4A3C-8D42-3D129528167E}.Release|Any CPU.ActiveCfg = Release|Any CPU
		{4AD63BBE-58FF-4A3C-8D42-3D129528167E}.Release|Any CPU.Build.0 = Release|Any CPU
		{4AD63BBE-58FF-4A3C-8D42-3D129528167E}.Release|x86.ActiveCfg = Release|x86
		{4AD63BBE-58FF-4A3C-8D42-3D129528167E}.Release|x86.Build.0 = Release|x86
		{E3B0B772-A0FA-4E61-980E-D9D259273C46}.Debug|Any CPU.ActiveCfg = Debug|Any CPU
		{E3B0B772-A0FA-4E61-980E-D9D259273C46}.Debug|Any CPU.Build.0 = Debug|Any CPU
		{E3B0B772-A0FA-4E61-980E-D9D259273C46}.Debug|x86.ActiveCfg = Debug|x86
		{E3B0B772-A0FA-4E61-980E-D9D259273C46}.Debug|x86.Build.0 = Debug|x86
		{E3B0B772-A0FA-4E61-980E-D9D259273C46}.Release|Any CPU.ActiveCfg = Release|Any CPU
		{E3B0B772-A0FA-4E61-980E-D9D259273C46}.Release|Any CPU.Build.0 = Release|Any CPU
		{E3B0B772-A0FA-4E61-980E-D9D259273C46}.Release|x86.ActiveCfg = Release|x86
		{E3B0B772-A0FA-4E61-980E-D9D259273C46}.Release|x86.Build.0 = Release|x86
		{B78D261B-612D-4573-BB10-F5C6FA289CD4}.Debug|Any CPU.ActiveCfg = Debug|Any CPU
		{B78D261B-612D-4573-BB10-F5C6FA289CD4}.Debug|Any CPU.Build.0 = Debug|Any CPU
		{B78D261B-612D-4573-BB10-F5C6FA289CD4}.Debug|x86.ActiveCfg = Debug|x86
		{B78D261B-612D-4573-BB10-F5C6FA289CD4}.Debug|x86.Build.0 = Debug|x86
		{B78D261B-612D-4573-BB10-F5C6FA289CD4}.Release|Any CPU.ActiveCfg = Release|Any CPU
		{B78D261B-612D-4573-BB10-F5C6FA289CD4}.Release|Any CPU.Build.0 = Release|Any CPU
		{B78D261B-612D-4573-BB10-F5C6FA289CD4}.Release|x86.ActiveCfg = Release|x86
		{B78D261B-612D-4573-BB10-F5C6FA289CD4}.Release|x86.Build.0 = Release|x86
		{D771DDFF-BB28-4CAE-959E-21F31AE90371}.Debug|Any CPU.ActiveCfg = Debug|Any CPU
		{D771DDFF-BB28-4CAE-959E-21F31AE90371}.Debug|Any CPU.Build.0 = Debug|Any CPU
		{D771DDFF-BB28-4CAE-959E-21F31AE90371}.Debug|x86.ActiveCfg = Debug|Any CPU
		{D771DDFF-BB28-4CAE-959E-21F31AE90371}.Debug|x86.Build.0 = Debug|Any CPU
		{D771DDFF-BB28-4CAE-959E-21F31AE90371}.Release|Any CPU.ActiveCfg = Release|Any CPU
		{D771DDFF-BB28-4CAE-959E-21F31AE90371}.Release|Any CPU.Build.0 = Release|Any CPU
		{D771DDFF-BB28-4CAE-959E-21F31AE90371}.Release|x86.ActiveCfg = Release|Any CPU
		{D771DDFF-BB28-4CAE-959E-21F31AE90371}.Release|x86.Build.0 = Release|Any CPU
		{1D89FC21-D3AF-480F-AE49-5737608C2827}.Debug|Any CPU.ActiveCfg = Debug|Any CPU
		{1D89FC21-D3AF-480F-AE49-5737608C2827}.Debug|Any CPU.Build.0 = Debug|Any CPU
		{1D89FC21-D3AF-480F-AE49-5737608C2827}.Debug|x86.ActiveCfg = Debug|Any CPU
		{1D89FC21-D3AF-480F-AE49-5737608C2827}.Debug|x86.Build.0 = Debug|Any CPU
		{1D89FC21-D3AF-480F-AE49-5737608C2827}.Release|Any CPU.ActiveCfg = Release|Any CPU
		{1D89FC21-D3AF-480F-AE49-5737608C2827}.Release|Any CPU.Build.0 = Release|Any CPU
		{1D89FC21-D3AF-480F-AE49-5737608C2827}.Release|x86.ActiveCfg = Release|Any CPU
		{1D89FC21-D3AF-480F-AE49-5737608C2827}.Release|x86.Build.0 = Release|Any CPU
		{8C0DEFAD-F076-43F3-B68F-496A1CB50CBD}.Debug|Any CPU.ActiveCfg = Debug|Any CPU
		{8C0DEFAD-F076-43F3-B68F-496A1CB50CBD}.Debug|Any CPU.Build.0 = Debug|Any CPU
		{8C0DEFAD-F076-43F3-B68F-496A1CB50CBD}.Debug|x86.ActiveCfg = Debug|Any CPU
		{8C0DEFAD-F076-43F3-B68F-496A1CB50CBD}.Debug|x86.Build.0 = Debug|Any CPU
		{8C0DEFAD-F076-43F3-B68F-496A1CB50CBD}.Release|Any CPU.ActiveCfg = Release|Any CPU
		{8C0DEFAD-F076-43F3-B68F-496A1CB50CBD}.Release|Any CPU.Build.0 = Release|Any CPU
		{8C0DEFAD-F076-43F3-B68F-496A1CB50CBD}.Release|x86.ActiveCfg = Release|Any CPU
		{8C0DEFAD-F076-43F3-B68F-496A1CB50CBD}.Release|x86.Build.0 = Release|Any CPU
		{159EDBF2-942D-46D1-89FF-E63C969C9F36}.Debug|Any CPU.ActiveCfg = Debug|Any CPU
		{159EDBF2-942D-46D1-89FF-E63C969C9F36}.Debug|Any CPU.Build.0 = Debug|Any CPU
		{159EDBF2-942D-46D1-89FF-E63C969C9F36}.Debug|x86.ActiveCfg = Debug|Any CPU
		{159EDBF2-942D-46D1-89FF-E63C969C9F36}.Debug|x86.Build.0 = Debug|Any CPU
		{159EDBF2-942D-46D1-89FF-E63C969C9F36}.Release|Any CPU.ActiveCfg = Release|Any CPU
		{159EDBF2-942D-46D1-89FF-E63C969C9F36}.Release|Any CPU.Build.0 = Release|Any CPU
		{159EDBF2-942D-46D1-89FF-E63C969C9F36}.Release|x86.ActiveCfg = Release|Any CPU
		{159EDBF2-942D-46D1-89FF-E63C969C9F36}.Release|x86.Build.0 = Release|Any CPU
		{FA12B5A6-4D43-47F4-9BDC-B8B21072631C}.Debug|Any CPU.ActiveCfg = Debug|Any CPU
		{FA12B5A6-4D43-47F4-9BDC-B8B21072631C}.Debug|Any CPU.Build.0 = Debug|Any CPU
		{FA12B5A6-4D43-47F4-9BDC-B8B21072631C}.Debug|Any CPU.Deploy.0 = Debug|Any CPU
		{FA12B5A6-4D43-47F4-9BDC-B8B21072631C}.Debug|x86.ActiveCfg = Debug|Any CPU
		{FA12B5A6-4D43-47F4-9BDC-B8B21072631C}.Debug|x86.Build.0 = Debug|Any CPU
		{FA12B5A6-4D43-47F4-9BDC-B8B21072631C}.Debug|x86.Deploy.0 = Debug|Any CPU
		{FA12B5A6-4D43-47F4-9BDC-B8B21072631C}.Release|Any CPU.ActiveCfg = Release|Any CPU
		{FA12B5A6-4D43-47F4-9BDC-B8B21072631C}.Release|Any CPU.Build.0 = Release|Any CPU
		{FA12B5A6-4D43-47F4-9BDC-B8B21072631C}.Release|Any CPU.Deploy.0 = Release|Any CPU
		{FA12B5A6-4D43-47F4-9BDC-B8B21072631C}.Release|x86.ActiveCfg = Release|Any CPU
		{FA12B5A6-4D43-47F4-9BDC-B8B21072631C}.Release|x86.Build.0 = Release|Any CPU
		{FA12B5A6-4D43-47F4-9BDC-B8B21072631C}.Release|x86.Deploy.0 = Release|Any CPU
		{9D901A47-7552-46AC-863D-52970B525E32}.Debug|Any CPU.ActiveCfg = Debug|Any CPU
		{9D901A47-7552-46AC-863D-52970B525E32}.Debug|Any CPU.Build.0 = Debug|Any CPU
		{9D901A47-7552-46AC-863D-52970B525E32}.Debug|x86.ActiveCfg = Debug|Any CPU
		{9D901A47-7552-46AC-863D-52970B525E32}.Debug|x86.Build.0 = Debug|Any CPU
		{9D901A47-7552-46AC-863D-52970B525E32}.Release|Any CPU.ActiveCfg = Release|Any CPU
		{9D901A47-7552-46AC-863D-52970B525E32}.Release|Any CPU.Build.0 = Release|Any CPU
		{9D901A47-7552-46AC-863D-52970B525E32}.Release|x86.ActiveCfg = Release|Any CPU
		{9D901A47-7552-46AC-863D-52970B525E32}.Release|x86.Build.0 = Release|Any CPU
		{EE7FA915-8860-49B5-B3AC-13F0191F4676}.Debug|Any CPU.ActiveCfg = Debug|Any CPU
		{EE7FA915-8860-49B5-B3AC-13F0191F4676}.Debug|Any CPU.Build.0 = Debug|Any CPU
		{EE7FA915-8860-49B5-B3AC-13F0191F4676}.Debug|x86.ActiveCfg = Debug|Any CPU
		{EE7FA915-8860-49B5-B3AC-13F0191F4676}.Debug|x86.Build.0 = Debug|Any CPU
		{EE7FA915-8860-49B5-B3AC-13F0191F4676}.Release|Any CPU.ActiveCfg = Release|Any CPU
		{EE7FA915-8860-49B5-B3AC-13F0191F4676}.Release|Any CPU.Build.0 = Release|Any CPU
		{EE7FA915-8860-49B5-B3AC-13F0191F4676}.Release|x86.ActiveCfg = Release|Any CPU
		{EE7FA915-8860-49B5-B3AC-13F0191F4676}.Release|x86.Build.0 = Release|Any CPU
		{EED5CDE6-8387-44DE-BB0C-33D75DF8D292}.Debug|Any CPU.ActiveCfg = Debug|Any CPU
		{EED5CDE6-8387-44DE-BB0C-33D75DF8D292}.Debug|Any CPU.Build.0 = Debug|Any CPU
		{EED5CDE6-8387-44DE-BB0C-33D75DF8D292}.Debug|x86.ActiveCfg = Debug|Any CPU
		{EED5CDE6-8387-44DE-BB0C-33D75DF8D292}.Debug|x86.Build.0 = Debug|Any CPU
		{EED5CDE6-8387-44DE-BB0C-33D75DF8D292}.Release|Any CPU.ActiveCfg = Release|Any CPU
		{EED5CDE6-8387-44DE-BB0C-33D75DF8D292}.Release|Any CPU.Build.0 = Release|Any CPU
		{EED5CDE6-8387-44DE-BB0C-33D75DF8D292}.Release|x86.ActiveCfg = Release|Any CPU
		{EED5CDE6-8387-44DE-BB0C-33D75DF8D292}.Release|x86.Build.0 = Release|Any CPU
	EndGlobalSection
	GlobalSection(SolutionProperties) = preSolution
		HideSolutionNode = FALSE
	EndGlobalSection
	GlobalSection(NestedProjects) = preSolution
		{8C0DEFAD-F076-43F3-B68F-496A1CB50CBD} = {A17C5E75-463E-409A-A690-DFF8F569202A}
		{159EDBF2-942D-46D1-89FF-E63C969C9F36} = {A17C5E75-463E-409A-A690-DFF8F569202A}
	EndGlobalSection
	GlobalSection(ExtensibilityGlobals) = postSolution
		SolutionGuid = {771728AA-B368-4003-9552-FB4B7A34E889}
	EndGlobalSection
EndGlobal
